// !$*UTF8*$!
{
	archiveVersion = 1;
	classes = {
	};
	objectVersion = 56;
	objects = {

/* Begin PBXBuildFile section */
		962EFC512BE52BFA007AB919 /* DetailViewController.swift in Sources */ = {isa = PBXBuildFile; fileRef = 962EFC502BE52BF9007AB919 /* DetailViewController.swift */; };
		967FE4C22BDE544E000D1364 /* AppDelegate.swift in Sources */ = {isa = PBXBuildFile; fileRef = 967FE4C12BDE544E000D1364 /* AppDelegate.swift */; };
		967FE4C42BDE544E000D1364 /* SceneDelegate.swift in Sources */ = {isa = PBXBuildFile; fileRef = 967FE4C32BDE544E000D1364 /* SceneDelegate.swift */; };
		967FE4C62BDE544E000D1364 /* ViewController.swift in Sources */ = {isa = PBXBuildFile; fileRef = 967FE4C52BDE544E000D1364 /* ViewController.swift */; };
		967FE4C92BDE544E000D1364 /* Base in Resources */ = {isa = PBXBuildFile; fileRef = 967FE4C82BDE544E000D1364 /* Base */; };
		967FE4CB2BDE544F000D1364 /* Assets.xcassets in Resources */ = {isa = PBXBuildFile; fileRef = 967FE4CA2BDE544F000D1364 /* Assets.xcassets */; };
		967FE4CE2BDE544F000D1364 /* Base in Resources */ = {isa = PBXBuildFile; fileRef = 967FE4CD2BDE544F000D1364 /* Base */; };
		967FE4D62BDE5545000D1364 /* AcademyModel.swift in Sources */ = {isa = PBXBuildFile; fileRef = 967FE4D52BDE5545000D1364 /* AcademyModel.swift */; };
		967FE4D92BDE5801000D1364 /* AcademyTableViewCell.swift in Sources */ = {isa = PBXBuildFile; fileRef = 967FE4D72BDE5801000D1364 /* AcademyTableViewCell.swift */; };
		967FE4DA2BDE5801000D1364 /* AcademyTableViewCell.xib in Resources */ = {isa = PBXBuildFile; fileRef = 967FE4D82BDE5801000D1364 /* AcademyTableViewCell.xib */; };
/* End PBXBuildFile section */

/* Begin PBXFileReference section */
		962EFC502BE52BF9007AB919 /* DetailViewController.swift */ = {isa = PBXFileReference; lastKnownFileType = sourcecode.swift; path = DetailViewController.swift; sourceTree = "<group>"; };
		967FE4BE2BDE544E000D1364 /* DicodingApps.app */ = {isa = PBXFileReference; explicitFileType = wrapper.application; includeInIndex = 0; path = DicodingApps.app; sourceTree = BUILT_PRODUCTS_DIR; };
		967FE4C12BDE544E000D1364 /* AppDelegate.swift */ = {isa = PBXFileReference; lastKnownFileType = sourcecode.swift; path = AppDelegate.swift; sourceTree = "<group>"; };
		967FE4C32BDE544E000D1364 /* SceneDelegate.swift */ = {isa = PBXFileReference; lastKnownFileType = sourcecode.swift; path = SceneDelegate.swift; sourceTree = "<group>"; };
		967FE4C52BDE544E000D1364 /* ViewController.swift */ = {isa = PBXFileReference; lastKnownFileType = sourcecode.swift; path = ViewController.swift; sourceTree = "<group>"; };
		967FE4C82BDE544E000D1364 /* Base */ = {isa = PBXFileReference; lastKnownFileType = file.storyboard; name = Base; path = Base.lproj/Main.storyboard; sourceTree = "<group>"; };
		967FE4CA2BDE544F000D1364 /* Assets.xcassets */ = {isa = PBXFileReference; lastKnownFileType = folder.assetcatalog; path = Assets.xcassets; sourceTree = "<group>"; };
		967FE4CD2BDE544F000D1364 /* Base */ = {isa = PBXFileReference; lastKnownFileType = file.storyboard; name = Base; path = Base.lproj/LaunchScreen.storyboard; sourceTree = "<group>"; };
		967FE4CF2BDE544F000D1364 /* Info.plist */ = {isa = PBXFileReference; lastKnownFileType = text.plist.xml; path = Info.plist; sourceTree = "<group>"; };
		967FE4D52BDE5545000D1364 /* AcademyModel.swift */ = {isa = PBXFileReference; lastKnownFileType = sourcecode.swift; path = AcademyModel.swift; sourceTree = "<group>"; };
		967FE4D72BDE5801000D1364 /* AcademyTableViewCell.swift */ = {isa = PBXFileReference; lastKnownFileType = sourcecode.swift; path = AcademyTableViewCell.swift; sourceTree = "<group>"; };
		967FE4D82BDE5801000D1364 /* AcademyTableViewCell.xib */ = {isa = PBXFileReference; lastKnownFileType = file.xib; path = AcademyTableViewCell.xib; sourceTree = "<group>"; };
/* End PBXFileReference section */

/* Begin PBXFrameworksBuildPhase section */
		967FE4BB2BDE544E000D1364 /* Frameworks */ = {
			isa = PBXFrameworksBuildPhase;
			buildActionMask = 2147483647;
			files = (
			);
			runOnlyForDeploymentPostprocessing = 0;
		};
/* End PBXFrameworksBuildPhase section */

/* Begin PBXGroup section */
		967FE4B52BDE544E000D1364 = {
			isa = PBXGroup;
			children = (
				967FE4C02BDE544E000D1364 /* DicodingApps */,
				967FE4BF2BDE544E000D1364 /* Products */,
			);
			sourceTree = "<group>";
		};
		967FE4BF2BDE544E000D1364 /* Products */ = {
			isa = PBXGroup;
			children = (
				967FE4BE2BDE544E000D1364 /* DicodingApps.app */,
			);
			name = Products;
			sourceTree = "<group>";
		};
		967FE4C02BDE544E000D1364 /* DicodingApps */ = {
			isa = PBXGroup;
			children = (
				967FE4C12BDE544E000D1364 /* AppDelegate.swift */,
				967FE4C32BDE544E000D1364 /* SceneDelegate.swift */,
				967FE4C52BDE544E000D1364 /* ViewController.swift */,
				967FE4C72BDE544E000D1364 /* Main.storyboard */,
				967FE4CA2BDE544F000D1364 /* Assets.xcassets */,
				967FE4CC2BDE544F000D1364 /* LaunchScreen.storyboard */,
				967FE4CF2BDE544F000D1364 /* Info.plist */,
				967FE4D52BDE5545000D1364 /* AcademyModel.swift */,
				967FE4D72BDE5801000D1364 /* AcademyTableViewCell.swift */,
				967FE4D82BDE5801000D1364 /* AcademyTableViewCell.xib */,
				962EFC502BE52BF9007AB919 /* DetailViewController.swift */,
			);
			path = DicodingApps;
			sourceTree = "<group>";
		};
/* End PBXGroup section */

/* Begin PBXNativeTarget section */
		967FE4BD2BDE544E000D1364 /* DicodingApps */ = {
			isa = PBXNativeTarget;
			buildConfigurationList = 967FE4D22BDE544F000D1364 /* Build configuration list for PBXNativeTarget "DicodingApps" */;
			buildPhases = (
				967FE4BA2BDE544E000D1364 /* Sources */,
				967FE4BB2BDE544E000D1364 /* Frameworks */,
				967FE4BC2BDE544E000D1364 /* Resources */,
			);
			buildRules = (
			);
			dependencies = (
			);
			name = DicodingApps;
			productName = DicodingApps;
			productReference = 967FE4BE2BDE544E000D1364 /* DicodingApps.app */;
			productType = "com.apple.product-type.application";
		};
/* End PBXNativeTarget section */

/* Begin PBXProject section */
		967FE4B62BDE544E000D1364 /* Project object */ = {
			isa = PBXProject;
			attributes = {
				BuildIndependentTargetsInParallel = 1;
				LastSwiftUpdateCheck = 1530;
				LastUpgradeCheck = 1530;
				TargetAttributes = {
					967FE4BD2BDE544E000D1364 = {
						CreatedOnToolsVersion = 15.3;
					};
				};
			};
			buildConfigurationList = 967FE4B92BDE544E000D1364 /* Build configuration list for PBXProject "DicodingApps" */;
			compatibilityVersion = "Xcode 14.0";
			developmentRegion = en;
			hasScannedForEncodings = 0;
			knownRegions = (
				en,
				Base,
			);
			mainGroup = 967FE4B52BDE544E000D1364;
			productRefGroup = 967FE4BF2BDE544E000D1364 /* Products */;
			projectDirPath = "";
			projectRoot = "";
			targets = (
				967FE4BD2BDE544E000D1364 /* DicodingApps */,
			);
		};
/* End PBXProject section */

/* Begin PBXResourcesBuildPhase section */
		967FE4BC2BDE544E000D1364 /* Resources */ = {
			isa = PBXResourcesBuildPhase;
			buildActionMask = 2147483647;
			files = (
				967FE4DA2BDE5801000D1364 /* AcademyTableViewCell.xib in Resources */,
				967FE4CB2BDE544F000D1364 /* Assets.xcassets in Resources */,
				967FE4CE2BDE544F000D1364 /* Base in Resources */,
				967FE4C92BDE544E000D1364 /* Base in Resources */,
			);
			runOnlyForDeploymentPostprocessing = 0;
		};
/* End PBXResourcesBuildPhase section */

/* Begin PBXSourcesBuildPhase section */
		967FE4BA2BDE544E000D1364 /* Sources */ = {
			isa = PBXSourcesBuildPhase;
			buildActionMask = 2147483647;
			files = (
				967FE4C62BDE544E000D1364 /* ViewController.swift in Sources */,
				967FE4C22BDE544E000D1364 /* AppDelegate.swift in Sources */,
				967FE4D62BDE5545000D1364 /* AcademyModel.swift in Sources */,
				962EFC512BE52BFA007AB919 /* DetailViewController.swift in Sources */,
				967FE4C42BDE544E000D1364 /* SceneDelegate.swift in Sources */,
				967FE4D92BDE5801000D1364 /* AcademyTableViewCell.swift in Sources */,
			);
			runOnlyForDeploymentPostprocessing = 0;
		};
/* End PBXSourcesBuildPhase section */

/* Begin PBXVariantGroup section */
		967FE4C72BDE544E000D1364 /* Main.storyboard */ = {
			isa = PBXVariantGroup;
			children = (
				967FE4C82BDE544E000D1364 /* Base */,
			);
			name = Main.storyboard;
			sourceTree = "<group>";
		};
		967FE4CC2BDE544F000D1364 /* LaunchScreen.storyboard */ = {
			isa = PBXVariantGroup;
			children = (
				967FE4CD2BDE544F000D1364 /* Base */,
			);
			name = LaunchScreen.storyboard;
			sourceTree = "<group>";
		};
/* End PBXVariantGroup section */

/* Begin XCBuildConfiguration section */
		967FE4D02BDE544F000D1364 /* Debug */ = {
			isa = XCBuildConfiguration;
			buildSettings = {
				ALWAYS_SEARCH_USER_PATHS = NO;
				ASSETCATALOG_COMPILER_GENERATE_SWIFT_ASSET_SYMBOL_EXTENSIONS = YES;
				CLANG_ANALYZER_NONNULL = YES;
				CLANG_ANALYZER_NUMBER_OBJECT_CONVERSION = YES_AGGRESSIVE;
				CLANG_CXX_LANGUAGE_STANDARD = "gnu++20";
				CLANG_ENABLE_MODULES = YES;
				CLANG_ENABLE_OBJC_ARC = YES;
				CLANG_ENABLE_OBJC_WEAK = YES;
				CLANG_WARN_BLOCK_CAPTURE_AUTORELEASING = YES;
				CLANG_WARN_BOOL_CONVERSION = YES;
				CLANG_WARN_COMMA = YES;
				CLANG_WARN_CONSTANT_CONVERSION = YES;
				CLANG_WARN_DEPRECATED_OBJC_IMPLEMENTATIONS = YES;
				CLANG_WARN_DIRECT_OBJC_ISA_USAGE = YES_ERROR;
				CLANG_WARN_DOCUMENTATION_COMMENTS = YES;
				CLANG_WARN_EMPTY_BODY = YES;
				CLANG_WARN_ENUM_CONVERSION = YES;
				CLANG_WARN_INFINITE_RECURSION = YES;
				CLANG_WARN_INT_CONVERSION = YES;
				CLANG_WARN_NON_LITERAL_NULL_CONVERSION = YES;
				CLANG_WARN_OBJC_IMPLICIT_RETAIN_SELF = YES;
				CLANG_WARN_OBJC_LITERAL_CONVERSION = YES;
				CLANG_WARN_OBJC_ROOT_CLASS = YES_ERROR;
				CLANG_WARN_QUOTED_INCLUDE_IN_FRAMEWORK_HEADER = YES;
				CLANG_WARN_RANGE_LOOP_ANALYSIS = YES;
				CLANG_WARN_STRICT_PROTOTYPES = YES;
				CLANG_WARN_SUSPICIOUS_MOVE = YES;
				CLANG_WARN_UNGUARDED_AVAILABILITY = YES_AGGRESSIVE;
				CLANG_WARN_UNREACHABLE_CODE = YES;
				CLANG_WARN__DUPLICATE_METHOD_MATCH = YES;
				COPY_PHASE_STRIP = NO;
				DEBUG_INFORMATION_FORMAT = dwarf;
				ENABLE_STRICT_OBJC_MSGSEND = YES;
				ENABLE_TESTABILITY = YES;
				ENABLE_USER_SCRIPT_SANDBOXING = YES;
				GCC_C_LANGUAGE_STANDARD = gnu17;
				GCC_DYNAMIC_NO_PIC = NO;
				GCC_NO_COMMON_BLOCKS = YES;
				GCC_OPTIMIZATION_LEVEL = 0;
				GCC_PREPROCESSOR_DEFINITIONS = (
					"DEBUG=1",
					"$(inherited)",
				);
				GCC_WARN_64_TO_32_BIT_CONVERSION = YES;
				GCC_WARN_ABOUT_RETURN_TYPE = YES_ERROR;
				GCC_WARN_UNDECLARED_SELECTOR = YES;
				GCC_WARN_UNINITIALIZED_AUTOS = YES_AGGRESSIVE;
				GCC_WARN_UNUSED_FUNCTION = YES;
				GCC_WARN_UNUSED_VARIABLE = YES;
				IPHONEOS_DEPLOYMENT_TARGET = 17.4;
				LOCALIZATION_PREFERS_STRING_CATALOGS = YES;
				MTL_ENABLE_DEBUG_INFO = INCLUDE_SOURCE;
				MTL_FAST_MATH = YES;
				ONLY_ACTIVE_ARCH = YES;
				SDKROOT = iphoneos;
				SWIFT_ACTIVE_COMPILATION_CONDITIONS = "DEBUG $(inherited)";
				SWIFT_OPTIMIZATION_LEVEL = "-Onone";
			};
			name = Debug;
		};
		967FE4D12BDE544F000D1364 /* Release */ = {
			isa = XCBuildConfiguration;
			buildSettings = {
				ALWAYS_SEARCH_USER_PATHS = NO;
				ASSETCATALOG_COMPILER_GENERATE_SWIFT_ASSET_SYMBOL_EXTENSIONS = YES;
				CLANG_ANALYZER_NONNULL = YES;
				CLANG_ANALYZER_NUMBER_OBJECT_CONVERSION = YES_AGGRESSIVE;
				CLANG_CXX_LANGUAGE_STANDARD = "gnu++20";
				CLANG_ENABLE_MODULES = YES;
				CLANG_ENABLE_OBJC_ARC = YES;
				CLANG_ENABLE_OBJC_WEAK = YES;
				CLANG_WARN_BLOCK_CAPTURE_AUTORELEASING = YES;
				CLANG_WARN_BOOL_CONVERSION = YES;
				CLANG_WARN_COMMA = YES;
				CLANG_WARN_CONSTANT_CONVERSION = YES;
				CLANG_WARN_DEPRECATED_OBJC_IMPLEMENTATIONS = YES;
				CLANG_WARN_DIRECT_OBJC_ISA_USAGE = YES_ERROR;
				CLANG_WARN_DOCUMENTATION_COMMENTS = YES;
				CLANG_WARN_EMPTY_BODY = YES;
				CLANG_WARN_ENUM_CONVERSION = YES;
				CLANG_WARN_INFINITE_RECURSION = YES;
				CLANG_WARN_INT_CONVERSION = YES;
				CLANG_WARN_NON_LITERAL_NULL_CONVERSION = YES;
				CLANG_WARN_OBJC_IMPLICIT_RETAIN_SELF = YES;
				CLANG_WARN_OBJC_LITERAL_CONVERSION = YES;
				CLANG_WARN_OBJC_ROOT_CLASS = YES_ERROR;
				CLANG_WARN_QUOTED_INCLUDE_IN_FRAMEWORK_HEADER = YES;
				CLANG_WARN_RANGE_LOOP_ANALYSIS = YES;
				CLANG_WARN_STRICT_PROTOTYPES = YES;
				CLANG_WARN_SUSPICIOUS_MOVE = YES;
				CLANG_WARN_UNGUARDED_AVAILABILITY = YES_AGGRESSIVE;
				CLANG_WARN_UNREACHABLE_CODE = YES;
				CLANG_WARN__DUPLICATE_METHOD_MATCH = YES;
				COPY_PHASE_STRIP = NO;
				DEBUG_INFORMATION_FORMAT = "dwarf-with-dsym";
				ENABLE_NS_ASSERTIONS = NO;
				ENABLE_STRICT_OBJC_MSGSEND = YES;
				ENABLE_USER_SCRIPT_SANDBOXING = YES;
				GCC_C_LANGUAGE_STANDARD = gnu17;
				GCC_NO_COMMON_BLOCKS = YES;
				GCC_WARN_64_TO_32_BIT_CONVERSION = YES;
				GCC_WARN_ABOUT_RETURN_TYPE = YES_ERROR;
				GCC_WARN_UNDECLARED_SELECTOR = YES;
				GCC_WARN_UNINITIALIZED_AUTOS = YES_AGGRESSIVE;
				GCC_WARN_UNUSED_FUNCTION = YES;
				GCC_WARN_UNUSED_VARIABLE = YES;
				IPHONEOS_DEPLOYMENT_TARGET = 17.4;
				LOCALIZATION_PREFERS_STRING_CATALOGS = YES;
				MTL_ENABLE_DEBUG_INFO = NO;
				MTL_FAST_MATH = YES;
				SDKROOT = iphoneos;
				SWIFT_COMPILATION_MODE = wholemodule;
				VALIDATE_PRODUCT = YES;
			};
			name = Release;
		};
		967FE4D32BDE544F000D1364 /* Debug */ = {
			isa = XCBuildConfiguration;
			buildSettings = {
				ASSETCATALOG_COMPILER_APPICON_NAME = AppIcon;
				ASSETCATALOG_COMPILER_GLOBAL_ACCENT_COLOR_NAME = AccentColor;
				CODE_SIGN_STYLE = Automatic;
				CURRENT_PROJECT_VERSION = 1;
				GENERATE_INFOPLIST_FILE = YES;
				INFOPLIST_FILE = DicodingApps/Info.plist;
				INFOPLIST_KEY_UIApplicationSupportsIndirectInputEvents = YES;
				INFOPLIST_KEY_UILaunchStoryboardName = LaunchScreen;
				INFOPLIST_KEY_UIMainStoryboardFile = Main;
				INFOPLIST_KEY_UISupportedInterfaceOrientations_iPad = "UIInterfaceOrientationPortrait UIInterfaceOrientationPortraitUpsideDown UIInterfaceOrientationLandscapeLeft UIInterfaceOrientationLandscapeRight";
				INFOPLIST_KEY_UISupportedInterfaceOrientations_iPhone = "UIInterfaceOrientationPortrait UIInterfaceOrientationLandscapeLeft UIInterfaceOrientationLandscapeRight";
				LD_RUNPATH_SEARCH_PATHS = (
					"$(inherited)",
					"@executable_path/Frameworks",
				);
				MARKETING_VERSION = 1.0;
				PRODUCT_BUNDLE_IDENTIFIER = com.swift.practice.DicodingApps;
				PRODUCT_NAME = "$(TARGET_NAME)";
				SWIFT_EMIT_LOC_STRINGS = YES;
				SWIFT_VERSION = 5.0;
				TARGETED_DEVICE_FAMILY = "1,2";
			};
			name = Debug;
		};
		967FE4D42BDE544F000D1364 /* Release */ = {
			isa = XCBuildConfiguration;
			buildSettings = {
				ASSETCATALOG_COMPILER_APPICON_NAME = AppIcon;
				ASSETCATALOG_COMPILER_GLOBAL_ACCENT_COLOR_NAME = AccentColor;
				CODE_SIGN_STYLE = Automatic;
				CURRENT_PROJECT_VERSION = 1;
				GENERATE_INFOPLIST_FILE = YES;
				INFOPLIST_FILE = DicodingApps/Info.plist;
				INFOPLIST_KEY_UIApplicationSupportsIndirectInputEvents = YES;
				INFOPLIST_KEY_UILaunchStoryboardName = LaunchScreen;
				INFOPLIST_KEY_UIMainStoryboardFile = Main;
				INFOPLIST_KEY_UISupportedInterfaceOrientations_iPad = "UIInterfaceOrientationPortrait UIInterfaceOrientationPortraitUpsideDown UIInterfaceOrientationLandscapeLeft UIInterfaceOrientationLandscapeRight";
				INFOPLIST_KEY_UISupportedInterfaceOrientations_iPhone = "UIInterfaceOrientationPortrait UIInterfaceOrientationLandscapeLeft UIInterfaceOrientationLandscapeRight";
				LD_RUNPATH_SEARCH_PATHS = (
					"$(inherited)",
					"@executable_path/Frameworks",
				);
				MARKETING_VERSION = 1.0;
				PRODUCT_BUNDLE_IDENTIFIER = com.swift.practice.DicodingApps;
				PRODUCT_NAME = "$(TARGET_NAME)";
				SWIFT_EMIT_LOC_STRINGS = YES;
				SWIFT_VERSION = 5.0;
				TARGETED_DEVICE_FAMILY = "1,2";
			};
			name = Release;
		};
/* End XCBuildConfiguration section */

/* Begin XCConfigurationList section */
		967FE4B92BDE544E000D1364 /* Build configuration list for PBXProject "DicodingApps" */ = {
			isa = XCConfigurationList;
			buildConfigurations = (
				967FE4D02BDE544F000D1364 /* Debug */,
				967FE4D12BDE544F000D1364 /* Release */,
			);
			defaultConfigurationIsVisible = 0;
			defaultConfigurationName = Release;
		};
		967FE4D22BDE544F000D1364 /* Build configuration list for PBXNativeTarget "DicodingApps" */ = {
			isa = XCConfigurationList;
			buildConfigurations = (
				967FE4D32BDE544F000D1364 /* Debug */,
				967FE4D42BDE544F000D1364 /* Release */,
			);
			defaultConfigurationIsVisible = 0;
			defaultConfigurationName = Release;
		};
/* End XCConfigurationList section */
	};
	rootObject = 967FE4B62BDE544E000D1364 /* Project object */;
}
